
Microsoft Visual Studio Solution File, Format Version 12.00
# Visual Studio 15
VisualStudioVersion = 15.0.26228.9
MinimumVisualStudioVersion = 10.0.40219.1
Project("{FAE04EC0-301F-11D3-BF4B-00C04F79EFBC}") = "Microsoft.DevSkim.VSExtension", "Microsoft.DevSkim.VSExtension\Microsoft.DevSkim.VSExtension.csproj", "{74DE7137-F3EC-4C57-82F5-E66054A9659C}"
EndProject
Project("{FAE04EC0-301F-11D3-BF4B-00C04F79EFBC}") = "Microsoft.DevSkim.VSExtension.Tests", "Microsoft.DevSkim.VSExtension.Tests\Microsoft.DevSkim.VSExtension.Tests.csproj", "{2E699F46-E217-4FB7-B375-C0522759BE82}"
EndProject
Global
	GlobalSection(SolutionConfigurationPlatforms) = preSolution
		Debug|Any CPU = Debug|Any CPU
		Release|Any CPU = Release|Any CPU
	EndGlobalSection
	GlobalSection(ProjectConfigurationPlatforms) = postSolution
		{74DE7137-F3EC-4C57-82F5-E66054A9659C}.Debug|Any CPU.ActiveCfg = Debug|Any CPU
		{74DE7137-F3EC-4C57-82F5-E66054A9659C}.Debug|Any CPU.Build.0 = Debug|Any CPU
		{74DE7137-F3EC-4C57-82F5-E66054A9659C}.Release|Any CPU.ActiveCfg = Release|Any CPU
		{74DE7137-F3EC-4C57-82F5-E66054A9659C}.Release|Any CPU.Build.0 = Release|Any CPU
		{2E699F46-E217-4FB7-B375-C0522759BE82}.Debug|Any CPU.ActiveCfg = Debug|Any CPU
		{2E699F46-E217-4FB7-B375-C0522759BE82}.Debug|Any CPU.Build.0 = Debug|Any CPU
		{2E699F46-E217-4FB7-B375-C0522759BE82}.Release|Any CPU.ActiveCfg = Release|Any CPU
		{2E699F46-E217-4FB7-B375-C0522759BE82}.Release|Any CPU.Build.0 = Release|Any CPU
	EndGlobalSection
	GlobalSection(SolutionProperties) = preSolution
		HideSolutionNode = FALSE
	EndGlobalSection
EndGlobal
