Microsoft Visual Studio Solution File, Format Version 12.00
# Visual Studio Version 16
VisualStudioVersion = 16.0.29709.97
MinimumVisualStudioVersion = 15.0.26124.0
Project("{FAE04EC0-301F-11D3-BF4B-00C04F79EFBC}") = "Microsoft.DevSkim", "Microsoft.DevSkim\Microsoft.DevSkim.csproj", "{7B8D0088-645A-4D4B-9DB9-046EED07B47A}"
EndProject
Project("{FAE04EC0-301F-11D3-BF4B-00C04F79EFBC}") = "Microsoft.DevSkim.CLI", "Microsoft.DevSkim.CLI\Microsoft.DevSkim.CLI.csproj", "{6330E8E3-8D91-458E-945C-CE9B71FE809B}"
EndProject
Project("{FAE04EC0-301F-11D3-BF4B-00C04F79EFBC}") = "Microsoft.DevSkim.Tests", "Microsoft.DevSkim.Tests\Microsoft.DevSkim.Tests.csproj", "{22E5C50D-93C9-4007-881F-D8B751B880D0}"
EndProject
Global
	GlobalSection(SolutionConfigurationPlatforms) = preSolution
		Debug|Any CPU = Debug|Any CPU
		Debug|x64 = Debug|x64
		Debug|x86 = Debug|x86
		Release|Any CPU = Release|Any CPU
		Release|x64 = Release|x64
		Release|x86 = Release|x86
	EndGlobalSection
	GlobalSection(ProjectConfigurationPlatforms) = postSolution
		{7B8D0088-645A-4D4B-9DB9-046EED07B47A}.Debug|Any CPU.ActiveCfg = Debug|Any CPU
		{7B8D0088-645A-4D4B-9DB9-046EED07B47A}.Debug|Any CPU.Build.0 = Debug|Any CPU
		{7B8D0088-645A-4D4B-9DB9-046EED07B47A}.Debug|x64.ActiveCfg = Debug|Any CPU
		{7B8D0088-645A-4D4B-9DB9-046EED07B47A}.Debug|x64.Build.0 = Debug|Any CPU
		{7B8D0088-645A-4D4B-9DB9-046EED07B47A}.Debug|x86.ActiveCfg = Debug|Any CPU
		{7B8D0088-645A-4D4B-9DB9-046EED07B47A}.Debug|x86.Build.0 = Debug|Any CPU
		{7B8D0088-645A-4D4B-9DB9-046EED07B47A}.Release|Any CPU.ActiveCfg = Release|Any CPU
		{7B8D0088-645A-4D4B-9DB9-046EED07B47A}.Release|Any CPU.Build.0 = Release|Any CPU
		{7B8D0088-645A-4D4B-9DB9-046EED07B47A}.Release|x64.ActiveCfg = Release|Any CPU
		{7B8D0088-645A-4D4B-9DB9-046EED07B47A}.Release|x64.Build.0 = Release|Any CPU
		{7B8D0088-645A-4D4B-9DB9-046EED07B47A}.Release|x86.ActiveCfg = Release|Any CPU
		{7B8D0088-645A-4D4B-9DB9-046EED07B47A}.Release|x86.Build.0 = Release|Any CPU
		{6330E8E3-8D91-458E-945C-CE9B71FE809B}.Debug|Any CPU.ActiveCfg = Debug|Any CPU
		{6330E8E3-8D91-458E-945C-CE9B71FE809B}.Debug|Any CPU.Build.0 = Debug|Any CPU
		{6330E8E3-8D91-458E-945C-CE9B71FE809B}.Debug|x64.ActiveCfg = Debug|Any CPU
		{6330E8E3-8D91-458E-945C-CE9B71FE809B}.Debug|x64.Build.0 = Debug|Any CPU
		{6330E8E3-8D91-458E-945C-CE9B71FE809B}.Debug|x86.ActiveCfg = Debug|Any CPU
		{6330E8E3-8D91-458E-945C-CE9B71FE809B}.Debug|x86.Build.0 = Debug|Any CPU
		{6330E8E3-8D91-458E-945C-CE9B71FE809B}.Release|Any CPU.ActiveCfg = Release|Any CPU
		{6330E8E3-8D91-458E-945C-CE9B71FE809B}.Release|Any CPU.Build.0 = Release|Any CPU
		{6330E8E3-8D91-458E-945C-CE9B71FE809B}.Release|x64.ActiveCfg = Release|Any CPU
		{6330E8E3-8D91-458E-945C-CE9B71FE809B}.Release|x64.Build.0 = Release|Any CPU
		{6330E8E3-8D91-458E-945C-CE9B71FE809B}.Release|x86.ActiveCfg = Release|Any CPU
		{6330E8E3-8D91-458E-945C-CE9B71FE809B}.Release|x86.Build.0 = Release|Any CPU
		{22E5C50D-93C9-4007-881F-D8B751B880D0}.Debug|Any CPU.ActiveCfg = Debug|Any CPU
		{22E5C50D-93C9-4007-881F-D8B751B880D0}.Debug|Any CPU.Build.0 = Debug|Any CPU
		{22E5C50D-93C9-4007-881F-D8B751B880D0}.Debug|x64.ActiveCfg = Debug|Any CPU
		{22E5C50D-93C9-4007-881F-D8B751B880D0}.Debug|x64.Build.0 = Debug|Any CPU
		{22E5C50D-93C9-4007-881F-D8B751B880D0}.Debug|x86.ActiveCfg = Debug|Any CPU
		{22E5C50D-93C9-4007-881F-D8B751B880D0}.Debug|x86.Build.0 = Debug|Any CPU
		{22E5C50D-93C9-4007-881F-D8B751B880D0}.Release|Any CPU.ActiveCfg = Release|Any CPU
		{22E5C50D-93C9-4007-881F-D8B751B880D0}.Release|Any CPU.Build.0 = Release|Any CPU
		{22E5C50D-93C9-4007-881F-D8B751B880D0}.Release|x64.ActiveCfg = Release|Any CPU
		{22E5C50D-93C9-4007-881F-D8B751B880D0}.Release|x64.Build.0 = Release|Any CPU
		{22E5C50D-93C9-4007-881F-D8B751B880D0}.Release|x86.ActiveCfg = Release|Any CPU
		{22E5C50D-93C9-4007-881F-D8B751B880D0}.Release|x86.Build.0 = Release|Any CPU
	EndGlobalSection
	GlobalSection(SolutionProperties) = preSolution
		HideSolutionNode = FALSE
	EndGlobalSection
	GlobalSection(ExtensibilityGlobals) = postSolution
		SolutionGuid = {103ABD5E-9B56-47BF-915F-76392D53E854}
	EndGlobalSection
EndGlobal
