
Microsoft Visual Studio Solution File, Format Version 12.00
# Visual Studio 15
VisualStudioVersion = 15.0.26730.15
MinimumVisualStudioVersion = 10.0.40219.1
Project("{FAE04EC0-301F-11D3-BF4B-00C04F79EFBC}") = "Microsoft.DevSkim", "Microsoft.DevSkim\Microsoft.DevSkim.csproj", "{A93959C2-B623-4305-B147-861F87C56800}"
EndProject
Project("{FAE04EC0-301F-11D3-BF4B-00C04F79EFBC}") = "Microsoft.DevSkim.Tests", "Microsoft.DevSkim.Tests\Microsoft.DevSkim.Tests.csproj", "{D4B1B6B8-5270-49C2-9150-C4B0AA2CBEE7}"
EndProject
Global
	GlobalSection(SolutionConfigurationPlatforms) = preSolution
		Debug|Any CPU = Debug|Any CPU
		Release|Any CPU = Release|Any CPU
	EndGlobalSection
	GlobalSection(ProjectConfigurationPlatforms) = postSolution
		{A93959C2-B623-4305-B147-861F87C56800}.Debug|Any CPU.ActiveCfg = Debug|Any CPU
		{A93959C2-B623-4305-B147-861F87C56800}.Debug|Any CPU.Build.0 = Debug|Any CPU
		{A93959C2-B623-4305-B147-861F87C56800}.Release|Any CPU.ActiveCfg = Release|Any CPU
		{A93959C2-B623-4305-B147-861F87C56800}.Release|Any CPU.Build.0 = Release|Any CPU
		{D4B1B6B8-5270-49C2-9150-C4B0AA2CBEE7}.Debug|Any CPU.ActiveCfg = Debug|Any CPU
		{D4B1B6B8-5270-49C2-9150-C4B0AA2CBEE7}.Debug|Any CPU.Build.0 = Debug|Any CPU
		{D4B1B6B8-5270-49C2-9150-C4B0AA2CBEE7}.Release|Any CPU.ActiveCfg = Release|Any CPU
		{D4B1B6B8-5270-49C2-9150-C4B0AA2CBEE7}.Release|Any CPU.Build.0 = Release|Any CPU
	EndGlobalSection
	GlobalSection(SolutionProperties) = preSolution
		HideSolutionNode = FALSE
	EndGlobalSection
	GlobalSection(ExtensibilityGlobals) = postSolution
		SolutionGuid = {2DEFD115-3437-439D-AA94-C273FE7F4D36}
	EndGlobalSection
EndGlobal
