Microsoft Visual Studio Solution File, Format Version 12.00
# Visual Studio 15
VisualStudioVersion = 15.0.26730.16
MinimumVisualStudioVersion = 15.0.26124.0
Project("{9A19103F-16F7-4668-BE54-9A1E7A4F7556}") = "Microsoft.DevSkim", "Microsoft.DevSkim\Microsoft.DevSkim.csproj", "{6413D0EE-B522-47C4-A11A-A917426DD43F}"
EndProject
Project("{9A19103F-16F7-4668-BE54-9A1E7A4F7556}") = "Microsoft.DevSkim.CLI", "Microsoft.DevSkim.CLI\Microsoft.DevSkim.CLI.csproj", "{35FF1191-FF7F-456F-A2F9-970C019611C5}"
EndProject
Project("{9A19103F-16F7-4668-BE54-9A1E7A4F7556}") = "Microsoft.DevSkim.Tests", "Microsoft.DevSkim.Tests\Microsoft.DevSkim.Tests.csproj", "{1381D892-227E-41F1-9410-5B1C29C367D6}"
EndProject
Project("{FAE04EC0-301F-11D3-BF4B-00C04F79EFBC}") = "Microsoft.DevSkim.CLI.Tests", "Microsoft.DevSkim.CLI.Tests\Microsoft.DevSkim.CLI.Tests.csproj", "{4B18F528-528F-4884-9059-B27A77CBE30D}"
EndProject
Global
	GlobalSection(SolutionConfigurationPlatforms) = preSolution
		Debug|Any CPU = Debug|Any CPU
		Debug|x64 = Debug|x64
		Debug|x86 = Debug|x86
		Release|Any CPU = Release|Any CPU
		Release|x64 = Release|x64
		Release|x86 = Release|x86
	EndGlobalSection
	GlobalSection(ProjectConfigurationPlatforms) = postSolution
		{6413D0EE-B522-47C4-A11A-A917426DD43F}.Debug|Any CPU.ActiveCfg = Debug|Any CPU
		{6413D0EE-B522-47C4-A11A-A917426DD43F}.Debug|Any CPU.Build.0 = Debug|Any CPU
		{6413D0EE-B522-47C4-A11A-A917426DD43F}.Debug|x64.ActiveCfg = Debug|Any CPU
		{6413D0EE-B522-47C4-A11A-A917426DD43F}.Debug|x64.Build.0 = Debug|Any CPU
		{6413D0EE-B522-47C4-A11A-A917426DD43F}.Debug|x86.ActiveCfg = Debug|Any CPU
		{6413D0EE-B522-47C4-A11A-A917426DD43F}.Debug|x86.Build.0 = Debug|Any CPU
		{6413D0EE-B522-47C4-A11A-A917426DD43F}.Release|Any CPU.ActiveCfg = Release|Any CPU
		{6413D0EE-B522-47C4-A11A-A917426DD43F}.Release|Any CPU.Build.0 = Release|Any CPU
		{6413D0EE-B522-47C4-A11A-A917426DD43F}.Release|x64.ActiveCfg = Release|Any CPU
		{6413D0EE-B522-47C4-A11A-A917426DD43F}.Release|x64.Build.0 = Release|Any CPU
		{6413D0EE-B522-47C4-A11A-A917426DD43F}.Release|x86.ActiveCfg = Release|Any CPU
		{6413D0EE-B522-47C4-A11A-A917426DD43F}.Release|x86.Build.0 = Release|Any CPU
		{35FF1191-FF7F-456F-A2F9-970C019611C5}.Debug|Any CPU.ActiveCfg = Debug|Any CPU
		{35FF1191-FF7F-456F-A2F9-970C019611C5}.Debug|Any CPU.Build.0 = Debug|Any CPU
		{35FF1191-FF7F-456F-A2F9-970C019611C5}.Debug|x64.ActiveCfg = Debug|Any CPU
		{35FF1191-FF7F-456F-A2F9-970C019611C5}.Debug|x64.Build.0 = Debug|Any CPU
		{35FF1191-FF7F-456F-A2F9-970C019611C5}.Debug|x86.ActiveCfg = Debug|Any CPU
		{35FF1191-FF7F-456F-A2F9-970C019611C5}.Debug|x86.Build.0 = Debug|Any CPU
		{35FF1191-FF7F-456F-A2F9-970C019611C5}.Release|Any CPU.ActiveCfg = Release|Any CPU
		{35FF1191-FF7F-456F-A2F9-970C019611C5}.Release|Any CPU.Build.0 = Release|Any CPU
		{35FF1191-FF7F-456F-A2F9-970C019611C5}.Release|x64.ActiveCfg = Release|Any CPU
		{35FF1191-FF7F-456F-A2F9-970C019611C5}.Release|x64.Build.0 = Release|Any CPU
		{35FF1191-FF7F-456F-A2F9-970C019611C5}.Release|x86.ActiveCfg = Release|Any CPU
		{35FF1191-FF7F-456F-A2F9-970C019611C5}.Release|x86.Build.0 = Release|Any CPU
		{1381D892-227E-41F1-9410-5B1C29C367D6}.Debug|Any CPU.ActiveCfg = Debug|Any CPU
		{1381D892-227E-41F1-9410-5B1C29C367D6}.Debug|Any CPU.Build.0 = Debug|Any CPU
		{1381D892-227E-41F1-9410-5B1C29C367D6}.Debug|x64.ActiveCfg = Debug|Any CPU
		{1381D892-227E-41F1-9410-5B1C29C367D6}.Debug|x64.Build.0 = Debug|Any CPU
		{1381D892-227E-41F1-9410-5B1C29C367D6}.Debug|x86.ActiveCfg = Debug|Any CPU
		{1381D892-227E-41F1-9410-5B1C29C367D6}.Debug|x86.Build.0 = Debug|Any CPU
		{1381D892-227E-41F1-9410-5B1C29C367D6}.Release|Any CPU.ActiveCfg = Release|Any CPU
		{1381D892-227E-41F1-9410-5B1C29C367D6}.Release|Any CPU.Build.0 = Release|Any CPU
		{1381D892-227E-41F1-9410-5B1C29C367D6}.Release|x64.ActiveCfg = Release|Any CPU
		{1381D892-227E-41F1-9410-5B1C29C367D6}.Release|x64.Build.0 = Release|Any CPU
		{1381D892-227E-41F1-9410-5B1C29C367D6}.Release|x86.ActiveCfg = Release|Any CPU
		{1381D892-227E-41F1-9410-5B1C29C367D6}.Release|x86.Build.0 = Release|Any CPU
		{4B18F528-528F-4884-9059-B27A77CBE30D}.Debug|Any CPU.ActiveCfg = Debug|Any CPU
		{4B18F528-528F-4884-9059-B27A77CBE30D}.Debug|Any CPU.Build.0 = Debug|Any CPU
		{4B18F528-528F-4884-9059-B27A77CBE30D}.Debug|x64.ActiveCfg = Debug|Any CPU
		{4B18F528-528F-4884-9059-B27A77CBE30D}.Debug|x64.Build.0 = Debug|Any CPU
		{4B18F528-528F-4884-9059-B27A77CBE30D}.Debug|x86.ActiveCfg = Debug|Any CPU
		{4B18F528-528F-4884-9059-B27A77CBE30D}.Debug|x86.Build.0 = Debug|Any CPU
		{4B18F528-528F-4884-9059-B27A77CBE30D}.Release|Any CPU.ActiveCfg = Release|Any CPU
		{4B18F528-528F-4884-9059-B27A77CBE30D}.Release|Any CPU.Build.0 = Release|Any CPU
		{4B18F528-528F-4884-9059-B27A77CBE30D}.Release|x64.ActiveCfg = Release|Any CPU
		{4B18F528-528F-4884-9059-B27A77CBE30D}.Release|x64.Build.0 = Release|Any CPU
		{4B18F528-528F-4884-9059-B27A77CBE30D}.Release|x86.ActiveCfg = Release|Any CPU
		{4B18F528-528F-4884-9059-B27A77CBE30D}.Release|x86.Build.0 = Release|Any CPU
	EndGlobalSection
	GlobalSection(SolutionProperties) = preSolution
		HideSolutionNode = FALSE
	EndGlobalSection
	GlobalSection(ExtensibilityGlobals) = postSolution
		SolutionGuid = {103ABD5E-9B56-47BF-915F-76392D53E854}
	EndGlobalSection
EndGlobal
